// !$*UTF8*$!
{
	archiveVersion = 1;
	classes = {
	};
	objectVersion = 56;
	objects = {

/* Begin PBXBuildFile section */
		940AB3F72A01AD220018FE7B /* GoogleService-Info.plist in Resources */ = {isa = PBXBuildFile; fileRef = 940AB3F62A01AD210018FE7B /* GoogleService-Info.plist */; };
		940AB3FA2A01AEEC0018FE7B /* FirebaseAuth in Frameworks */ = {isa = PBXBuildFile; productRef = 940AB3F92A01AEEC0018FE7B /* FirebaseAuth */; };
		940AB3FC2A01AEEC0018FE7B /* FirebaseAuthCombine-Community in Frameworks */ = {isa = PBXBuildFile; productRef = 940AB3FB2A01AEEC0018FE7B /* FirebaseAuthCombine-Community */; };
		940AB3FE2A01AEEC0018FE7B /* FirebaseDatabase in Frameworks */ = {isa = PBXBuildFile; productRef = 940AB3FD2A01AEEC0018FE7B /* FirebaseDatabase */; };
		940AB4002A01AEEC0018FE7B /* FirebaseDatabaseSwift in Frameworks */ = {isa = PBXBuildFile; productRef = 940AB3FF2A01AEEC0018FE7B /* FirebaseDatabaseSwift */; };
		940AB4022A01AEEC0018FE7B /* FirebaseFirestore in Frameworks */ = {isa = PBXBuildFile; productRef = 940AB4012A01AEEC0018FE7B /* FirebaseFirestore */; };
		940AB4042A01AEEC0018FE7B /* FirebaseFirestoreCombine-Community in Frameworks */ = {isa = PBXBuildFile; productRef = 940AB4032A01AEEC0018FE7B /* FirebaseFirestoreCombine-Community */; };
		940AB4062A01AEEC0018FE7B /* FirebaseFirestoreSwift in Frameworks */ = {isa = PBXBuildFile; productRef = 940AB4052A01AEEC0018FE7B /* FirebaseFirestoreSwift */; };
		940AB4082A01AEEC0018FE7B /* FirebaseStorage in Frameworks */ = {isa = PBXBuildFile; productRef = 940AB4072A01AEEC0018FE7B /* FirebaseStorage */; };
		940AB40A2A01AEEC0018FE7B /* FirebaseStorageCombine-Community in Frameworks */ = {isa = PBXBuildFile; productRef = 940AB4092A01AEEC0018FE7B /* FirebaseStorageCombine-Community */; };
		940AB40D2A01B0E20018FE7B /* OnBoardingViewController.swift in Sources */ = {isa = PBXBuildFile; fileRef = 940AB40C2A01B0E20018FE7B /* OnBoardingViewController.swift */; };
		940AB40F2A021B120018FE7B /* RegisterViewController.swift in Sources */ = {isa = PBXBuildFile; fileRef = 940AB40E2A021B120018FE7B /* RegisterViewController.swift */; };
		946D7C5329F9A31500FA3F5C /* AppDelegate.swift in Sources */ = {isa = PBXBuildFile; fileRef = 946D7C5229F9A31500FA3F5C /* AppDelegate.swift */; };
		946D7C5529F9A31500FA3F5C /* SceneDelegate.swift in Sources */ = {isa = PBXBuildFile; fileRef = 946D7C5429F9A31500FA3F5C /* SceneDelegate.swift */; };
		946D7C5729F9A31500FA3F5C /* MainTabViewController.swift in Sources */ = {isa = PBXBuildFile; fileRef = 946D7C5629F9A31500FA3F5C /* MainTabViewController.swift */; };
		946D7C5C29F9A31700FA3F5C /* Assets.xcassets in Resources */ = {isa = PBXBuildFile; fileRef = 946D7C5B29F9A31700FA3F5C /* Assets.xcassets */; };
		946D7C5F29F9A31700FA3F5C /* LaunchScreen.storyboard in Resources */ = {isa = PBXBuildFile; fileRef = 946D7C5D29F9A31700FA3F5C /* LaunchScreen.storyboard */; };
		946D7C6929F9A63800FA3F5C /* HomeViewController.swift in Sources */ = {isa = PBXBuildFile; fileRef = 946D7C6829F9A63800FA3F5C /* HomeViewController.swift */; };
		946D7C6B29F9A64B00FA3F5C /* SearchViewController.swift in Sources */ = {isa = PBXBuildFile; fileRef = 946D7C6A29F9A64B00FA3F5C /* SearchViewController.swift */; };
		946D7C6D29F9A65500FA3F5C /* NotificationViewController.swift in Sources */ = {isa = PBXBuildFile; fileRef = 946D7C6C29F9A65500FA3F5C /* NotificationViewController.swift */; };
		946D7C6F29F9A66000FA3F5C /* DirectMessagesViewController.swift in Sources */ = {isa = PBXBuildFile; fileRef = 946D7C6E29F9A66000FA3F5C /* DirectMessagesViewController.swift */; };
		946D7C7229FB019900FA3F5C /* TweetTableTableViewCell.swift in Sources */ = {isa = PBXBuildFile; fileRef = 946D7C7129FB019900FA3F5C /* TweetTableTableViewCell.swift */; };
		946D7C7529FB15DF00FA3F5C /* ProfileViewController.swift in Sources */ = {isa = PBXBuildFile; fileRef = 946D7C7429FB15DF00FA3F5C /* ProfileViewController.swift */; };
		946D7C7729FC6E5D00FA3F5C /* ProfileTableViewHeader.swift in Sources */ = {isa = PBXBuildFile; fileRef = 946D7C7629FC6E5D00FA3F5C /* ProfileTableViewHeader.swift */; };
/* End PBXBuildFile section */

/* Begin PBXFileReference section */
		940AB3F62A01AD210018FE7B /* GoogleService-Info.plist */ = {isa = PBXFileReference; fileEncoding = 4; lastKnownFileType = text.plist.xml; path = "GoogleService-Info.plist"; sourceTree = "<group>"; };
		940AB40C2A01B0E20018FE7B /* OnBoardingViewController.swift */ = {isa = PBXFileReference; lastKnownFileType = sourcecode.swift; path = OnBoardingViewController.swift; sourceTree = "<group>"; };
		940AB40E2A021B120018FE7B /* RegisterViewController.swift */ = {isa = PBXFileReference; lastKnownFileType = sourcecode.swift; path = RegisterViewController.swift; sourceTree = "<group>"; };
		946D7C4F29F9A31500FA3F5C /* TwitterClone.app */ = {isa = PBXFileReference; explicitFileType = wrapper.application; includeInIndex = 0; path = TwitterClone.app; sourceTree = BUILT_PRODUCTS_DIR; };
		946D7C5229F9A31500FA3F5C /* AppDelegate.swift */ = {isa = PBXFileReference; lastKnownFileType = sourcecode.swift; path = AppDelegate.swift; sourceTree = "<group>"; };
		946D7C5429F9A31500FA3F5C /* SceneDelegate.swift */ = {isa = PBXFileReference; lastKnownFileType = sourcecode.swift; path = SceneDelegate.swift; sourceTree = "<group>"; };
		946D7C5629F9A31500FA3F5C /* MainTabViewController.swift */ = {isa = PBXFileReference; lastKnownFileType = sourcecode.swift; path = MainTabViewController.swift; sourceTree = "<group>"; };
		946D7C5B29F9A31700FA3F5C /* Assets.xcassets */ = {isa = PBXFileReference; lastKnownFileType = folder.assetcatalog; path = Assets.xcassets; sourceTree = "<group>"; };
		946D7C5E29F9A31700FA3F5C /* Base */ = {isa = PBXFileReference; lastKnownFileType = file.storyboard; name = Base; path = Base.lproj/LaunchScreen.storyboard; sourceTree = "<group>"; };
		946D7C6029F9A31700FA3F5C /* Info.plist */ = {isa = PBXFileReference; lastKnownFileType = text.plist.xml; path = Info.plist; sourceTree = "<group>"; };
		946D7C6829F9A63800FA3F5C /* HomeViewController.swift */ = {isa = PBXFileReference; lastKnownFileType = sourcecode.swift; path = HomeViewController.swift; sourceTree = "<group>"; };
		946D7C6A29F9A64B00FA3F5C /* SearchViewController.swift */ = {isa = PBXFileReference; lastKnownFileType = sourcecode.swift; path = SearchViewController.swift; sourceTree = "<group>"; };
		946D7C6C29F9A65500FA3F5C /* NotificationViewController.swift */ = {isa = PBXFileReference; lastKnownFileType = sourcecode.swift; path = NotificationViewController.swift; sourceTree = "<group>"; };
		946D7C6E29F9A66000FA3F5C /* DirectMessagesViewController.swift */ = {isa = PBXFileReference; lastKnownFileType = sourcecode.swift; path = DirectMessagesViewController.swift; sourceTree = "<group>"; };
		946D7C7129FB019900FA3F5C /* TweetTableTableViewCell.swift */ = {isa = PBXFileReference; lastKnownFileType = sourcecode.swift; path = TweetTableTableViewCell.swift; sourceTree = "<group>"; };
		946D7C7429FB15DF00FA3F5C /* ProfileViewController.swift */ = {isa = PBXFileReference; lastKnownFileType = sourcecode.swift; path = ProfileViewController.swift; sourceTree = "<group>"; };
		946D7C7629FC6E5D00FA3F5C /* ProfileTableViewHeader.swift */ = {isa = PBXFileReference; lastKnownFileType = sourcecode.swift; path = ProfileTableViewHeader.swift; sourceTree = "<group>"; };
/* End PBXFileReference section */

/* Begin PBXFrameworksBuildPhase section */
		946D7C4C29F9A31500FA3F5C /* Frameworks */ = {
			isa = PBXFrameworksBuildPhase;
			buildActionMask = 2147483647;
			files = (
				940AB4002A01AEEC0018FE7B /* FirebaseDatabaseSwift in Frameworks */,
				940AB3FE2A01AEEC0018FE7B /* FirebaseDatabase in Frameworks */,
				940AB3FA2A01AEEC0018FE7B /* FirebaseAuth in Frameworks */,
				940AB4062A01AEEC0018FE7B /* FirebaseFirestoreSwift in Frameworks */,
				940AB4042A01AEEC0018FE7B /* FirebaseFirestoreCombine-Community in Frameworks */,
				940AB4082A01AEEC0018FE7B /* FirebaseStorage in Frameworks */,
				940AB4022A01AEEC0018FE7B /* FirebaseFirestore in Frameworks */,
				940AB40A2A01AEEC0018FE7B /* FirebaseStorageCombine-Community in Frameworks */,
				940AB3FC2A01AEEC0018FE7B /* FirebaseAuthCombine-Community in Frameworks */,
			);
			runOnlyForDeploymentPostprocessing = 0;
		};
/* End PBXFrameworksBuildPhase section */

/* Begin PBXGroup section */
		940AB40B2A01B0680018FE7B /* OnBoarding */ = {
			isa = PBXGroup;
			children = (
				940AB40C2A01B0E20018FE7B /* OnBoardingViewController.swift */,
				940AB40E2A021B120018FE7B /* RegisterViewController.swift */,
			);
			path = OnBoarding;
			sourceTree = "<group>";
		};
		946D7C4629F9A31500FA3F5C = {
			isa = PBXGroup;
			children = (
				946D7C5129F9A31500FA3F5C /* TwitterClone */,
				940AB3F62A01AD210018FE7B /* GoogleService-Info.plist */,
				946D7C5029F9A31500FA3F5C /* Products */,
			);
			sourceTree = "<group>";
		};
		946D7C5029F9A31500FA3F5C /* Products */ = {
			isa = PBXGroup;
			children = (
				946D7C4F29F9A31500FA3F5C /* TwitterClone.app */,
			);
			name = Products;
			sourceTree = "<group>";
		};
		946D7C5129F9A31500FA3F5C /* TwitterClone */ = {
			isa = PBXGroup;
			children = (
				946D7C7029FB012000FA3F5C /* Views */,
				946D7C6629F9A5F700FA3F5C /* Controllers */,
				946D7C5229F9A31500FA3F5C /* AppDelegate.swift */,
				946D7C5429F9A31500FA3F5C /* SceneDelegate.swift */,
				946D7C5B29F9A31700FA3F5C /* Assets.xcassets */,
				946D7C5D29F9A31700FA3F5C /* LaunchScreen.storyboard */,
				946D7C6029F9A31700FA3F5C /* Info.plist */,
			);
			path = TwitterClone;
			sourceTree = "<group>";
		};
		946D7C6629F9A5F700FA3F5C /* Controllers */ = {
			isa = PBXGroup;
			children = (
				940AB40B2A01B0680018FE7B /* OnBoarding */,
				946D7C7329FB15B700FA3F5C /* General */,
				946D7C6729F9A5FF00FA3F5C /* Core */,
			);
			path = Controllers;
			sourceTree = "<group>";
		};
		946D7C6729F9A5FF00FA3F5C /* Core */ = {
			isa = PBXGroup;
			children = (
				946D7C6829F9A63800FA3F5C /* HomeViewController.swift */,
				946D7C6A29F9A64B00FA3F5C /* SearchViewController.swift */,
				946D7C6C29F9A65500FA3F5C /* NotificationViewController.swift */,
				946D7C5629F9A31500FA3F5C /* MainTabViewController.swift */,
				946D7C6E29F9A66000FA3F5C /* DirectMessagesViewController.swift */,
			);
			path = Core;
			sourceTree = "<group>";
		};
		946D7C7029FB012000FA3F5C /* Views */ = {
			isa = PBXGroup;
			children = (
				946D7C7129FB019900FA3F5C /* TweetTableTableViewCell.swift */,
				946D7C7629FC6E5D00FA3F5C /* ProfileTableViewHeader.swift */,
			);
			path = Views;
			sourceTree = "<group>";
		};
		946D7C7329FB15B700FA3F5C /* General */ = {
			isa = PBXGroup;
			children = (
				946D7C7429FB15DF00FA3F5C /* ProfileViewController.swift */,
			);
			path = General;
			sourceTree = "<group>";
		};
/* End PBXGroup section */

/* Begin PBXNativeTarget section */
		946D7C4E29F9A31500FA3F5C /* TwitterClone */ = {
			isa = PBXNativeTarget;
			buildConfigurationList = 946D7C6329F9A31700FA3F5C /* Build configuration list for PBXNativeTarget "TwitterClone" */;
			buildPhases = (
				946D7C4B29F9A31500FA3F5C /* Sources */,
				946D7C4C29F9A31500FA3F5C /* Frameworks */,
				946D7C4D29F9A31500FA3F5C /* Resources */,
			);
			buildRules = (
			);
			dependencies = (
			);
			name = TwitterClone;
			packageProductDependencies = (
				940AB3F92A01AEEC0018FE7B /* FirebaseAuth */,
				940AB3FB2A01AEEC0018FE7B /* FirebaseAuthCombine-Community */,
				940AB3FD2A01AEEC0018FE7B /* FirebaseDatabase */,
				940AB3FF2A01AEEC0018FE7B /* FirebaseDatabaseSwift */,
				940AB4012A01AEEC0018FE7B /* FirebaseFirestore */,
				940AB4032A01AEEC0018FE7B /* FirebaseFirestoreCombine-Community */,
				940AB4052A01AEEC0018FE7B /* FirebaseFirestoreSwift */,
				940AB4072A01AEEC0018FE7B /* FirebaseStorage */,
				940AB4092A01AEEC0018FE7B /* FirebaseStorageCombine-Community */,
			);
			productName = TwitterClone;
			productReference = 946D7C4F29F9A31500FA3F5C /* TwitterClone.app */;
			productType = "com.apple.product-type.application";
		};
/* End PBXNativeTarget section */

/* Begin PBXProject section */
		946D7C4729F9A31500FA3F5C /* Project object */ = {
			isa = PBXProject;
			attributes = {
				BuildIndependentTargetsInParallel = 1;
				LastSwiftUpdateCheck = 1420;
				LastUpgradeCheck = 1420;
				TargetAttributes = {
					946D7C4E29F9A31500FA3F5C = {
						CreatedOnToolsVersion = 14.2;
					};
				};
			};
			buildConfigurationList = 946D7C4A29F9A31500FA3F5C /* Build configuration list for PBXProject "TwitterClone" */;
			compatibilityVersion = "Xcode 14.0";
			developmentRegion = en;
			hasScannedForEncodings = 0;
			knownRegions = (
				en,
				Base,
			);
			mainGroup = 946D7C4629F9A31500FA3F5C;
			packageReferences = (
				940AB3F82A01AEEC0018FE7B /* XCRemoteSwiftPackageReference "firebase-ios-sdk" */,
			);
			productRefGroup = 946D7C5029F9A31500FA3F5C /* Products */;
			projectDirPath = "";
			projectRoot = "";
			targets = (
				946D7C4E29F9A31500FA3F5C /* TwitterClone */,
			);
		};
/* End PBXProject section */

/* Begin PBXResourcesBuildPhase section */
		946D7C4D29F9A31500FA3F5C /* Resources */ = {
			isa = PBXResourcesBuildPhase;
			buildActionMask = 2147483647;
			files = (
				946D7C5F29F9A31700FA3F5C /* LaunchScreen.storyboard in Resources */,
				946D7C5C29F9A31700FA3F5C /* Assets.xcassets in Resources */,
				940AB3F72A01AD220018FE7B /* GoogleService-Info.plist in Resources */,
			);
			runOnlyForDeploymentPostprocessing = 0;
		};
/* End PBXResourcesBuildPhase section */

/* Begin PBXSourcesBuildPhase section */
		946D7C4B29F9A31500FA3F5C /* Sources */ = {
			isa = PBXSourcesBuildPhase;
			buildActionMask = 2147483647;
			files = (
				946D7C6B29F9A64B00FA3F5C /* SearchViewController.swift in Sources */,
				946D7C5729F9A31500FA3F5C /* MainTabViewController.swift in Sources */,
				946D7C6D29F9A65500FA3F5C /* NotificationViewController.swift in Sources */,
				940AB40F2A021B120018FE7B /* RegisterViewController.swift in Sources */,
				946D7C5329F9A31500FA3F5C /* AppDelegate.swift in Sources */,
				946D7C7229FB019900FA3F5C /* TweetTableTableViewCell.swift in Sources */,
				946D7C5529F9A31500FA3F5C /* SceneDelegate.swift in Sources */,
				946D7C7529FB15DF00FA3F5C /* ProfileViewController.swift in Sources */,
				946D7C6929F9A63800FA3F5C /* HomeViewController.swift in Sources */,
				946D7C7729FC6E5D00FA3F5C /* ProfileTableViewHeader.swift in Sources */,
				946D7C6F29F9A66000FA3F5C /* DirectMessagesViewController.swift in Sources */,
				940AB40D2A01B0E20018FE7B /* OnBoardingViewController.swift in Sources */,
			);
			runOnlyForDeploymentPostprocessing = 0;
		};
/* End PBXSourcesBuildPhase section */

/* Begin PBXVariantGroup section */
		946D7C5D29F9A31700FA3F5C /* LaunchScreen.storyboard */ = {
			isa = PBXVariantGroup;
			children = (
				946D7C5E29F9A31700FA3F5C /* Base */,
			);
			name = LaunchScreen.storyboard;
			sourceTree = "<group>";
		};
/* End PBXVariantGroup section */

/* Begin XCBuildConfiguration section */
		946D7C6129F9A31700FA3F5C /* Debug */ = {
			isa = XCBuildConfiguration;
			buildSettings = {
				ALWAYS_SEARCH_USER_PATHS = NO;
				CLANG_ANALYZER_NONNULL = YES;
				CLANG_ANALYZER_NUMBER_OBJECT_CONVERSION = YES_AGGRESSIVE;
				CLANG_CXX_LANGUAGE_STANDARD = "gnu++20";
				CLANG_ENABLE_MODULES = YES;
				CLANG_ENABLE_OBJC_ARC = YES;
				CLANG_ENABLE_OBJC_WEAK = YES;
				CLANG_WARN_BLOCK_CAPTURE_AUTORELEASING = YES;
				CLANG_WARN_BOOL_CONVERSION = YES;
				CLANG_WARN_COMMA = YES;
				CLANG_WARN_CONSTANT_CONVERSION = YES;
				CLANG_WARN_DEPRECATED_OBJC_IMPLEMENTATIONS = YES;
				CLANG_WARN_DIRECT_OBJC_ISA_USAGE = YES_ERROR;
				CLANG_WARN_DOCUMENTATION_COMMENTS = YES;
				CLANG_WARN_EMPTY_BODY = YES;
				CLANG_WARN_ENUM_CONVERSION = YES;
				CLANG_WARN_INFINITE_RECURSION = YES;
				CLANG_WARN_INT_CONVERSION = YES;
				CLANG_WARN_NON_LITERAL_NULL_CONVERSION = YES;
				CLANG_WARN_OBJC_IMPLICIT_RETAIN_SELF = YES;
				CLANG_WARN_OBJC_LITERAL_CONVERSION = YES;
				CLANG_WARN_OBJC_ROOT_CLASS = YES_ERROR;
				CLANG_WARN_QUOTED_INCLUDE_IN_FRAMEWORK_HEADER = YES;
				CLANG_WARN_RANGE_LOOP_ANALYSIS = YES;
				CLANG_WARN_STRICT_PROTOTYPES = YES;
				CLANG_WARN_SUSPICIOUS_MOVE = YES;
				CLANG_WARN_UNGUARDED_AVAILABILITY = YES_AGGRESSIVE;
				CLANG_WARN_UNREACHABLE_CODE = YES;
				CLANG_WARN__DUPLICATE_METHOD_MATCH = YES;
				COPY_PHASE_STRIP = NO;
				DEBUG_INFORMATION_FORMAT = dwarf;
				ENABLE_STRICT_OBJC_MSGSEND = YES;
				ENABLE_TESTABILITY = YES;
				GCC_C_LANGUAGE_STANDARD = gnu11;
				GCC_DYNAMIC_NO_PIC = NO;
				GCC_NO_COMMON_BLOCKS = YES;
				GCC_OPTIMIZATION_LEVEL = 0;
				GCC_PREPROCESSOR_DEFINITIONS = (
					"DEBUG=1",
					"$(inherited)",
				);
				GCC_WARN_64_TO_32_BIT_CONVERSION = YES;
				GCC_WARN_ABOUT_RETURN_TYPE = YES_ERROR;
				GCC_WARN_UNDECLARED_SELECTOR = YES;
				GCC_WARN_UNINITIALIZED_AUTOS = YES_AGGRESSIVE;
				GCC_WARN_UNUSED_FUNCTION = YES;
				GCC_WARN_UNUSED_VARIABLE = YES;
				IPHONEOS_DEPLOYMENT_TARGET = 16.2;
				MTL_ENABLE_DEBUG_INFO = INCLUDE_SOURCE;
				MTL_FAST_MATH = YES;
				ONLY_ACTIVE_ARCH = YES;
				SDKROOT = iphoneos;
				SWIFT_ACTIVE_COMPILATION_CONDITIONS = DEBUG;
				SWIFT_OPTIMIZATION_LEVEL = "-Onone";
			};
			name = Debug;
		};
		946D7C6229F9A31700FA3F5C /* Release */ = {
			isa = XCBuildConfiguration;
			buildSettings = {
				ALWAYS_SEARCH_USER_PATHS = NO;
				CLANG_ANALYZER_NONNULL = YES;
				CLANG_ANALYZER_NUMBER_OBJECT_CONVERSION = YES_AGGRESSIVE;
				CLANG_CXX_LANGUAGE_STANDARD = "gnu++20";
				CLANG_ENABLE_MODULES = YES;
				CLANG_ENABLE_OBJC_ARC = YES;
				CLANG_ENABLE_OBJC_WEAK = YES;
				CLANG_WARN_BLOCK_CAPTURE_AUTORELEASING = YES;
				CLANG_WARN_BOOL_CONVERSION = YES;
				CLANG_WARN_COMMA = YES;
				CLANG_WARN_CONSTANT_CONVERSION = YES;
				CLANG_WARN_DEPRECATED_OBJC_IMPLEMENTATIONS = YES;
				CLANG_WARN_DIRECT_OBJC_ISA_USAGE = YES_ERROR;
				CLANG_WARN_DOCUMENTATION_COMMENTS = YES;
				CLANG_WARN_EMPTY_BODY = YES;
				CLANG_WARN_ENUM_CONVERSION = YES;
				CLANG_WARN_INFINITE_RECURSION = YES;
				CLANG_WARN_INT_CONVERSION = YES;
				CLANG_WARN_NON_LITERAL_NULL_CONVERSION = YES;
				CLANG_WARN_OBJC_IMPLICIT_RETAIN_SELF = YES;
				CLANG_WARN_OBJC_LITERAL_CONVERSION = YES;
				CLANG_WARN_OBJC_ROOT_CLASS = YES_ERROR;
				CLANG_WARN_QUOTED_INCLUDE_IN_FRAMEWORK_HEADER = YES;
				CLANG_WARN_RANGE_LOOP_ANALYSIS = YES;
				CLANG_WARN_STRICT_PROTOTYPES = YES;
				CLANG_WARN_SUSPICIOUS_MOVE = YES;
				CLANG_WARN_UNGUARDED_AVAILABILITY = YES_AGGRESSIVE;
				CLANG_WARN_UNREACHABLE_CODE = YES;
				CLANG_WARN__DUPLICATE_METHOD_MATCH = YES;
				COPY_PHASE_STRIP = NO;
				DEBUG_INFORMATION_FORMAT = "dwarf-with-dsym";
				ENABLE_NS_ASSERTIONS = NO;
				ENABLE_STRICT_OBJC_MSGSEND = YES;
				GCC_C_LANGUAGE_STANDARD = gnu11;
				GCC_NO_COMMON_BLOCKS = YES;
				GCC_WARN_64_TO_32_BIT_CONVERSION = YES;
				GCC_WARN_ABOUT_RETURN_TYPE = YES_ERROR;
				GCC_WARN_UNDECLARED_SELECTOR = YES;
				GCC_WARN_UNINITIALIZED_AUTOS = YES_AGGRESSIVE;
				GCC_WARN_UNUSED_FUNCTION = YES;
				GCC_WARN_UNUSED_VARIABLE = YES;
				IPHONEOS_DEPLOYMENT_TARGET = 16.2;
				MTL_ENABLE_DEBUG_INFO = NO;
				MTL_FAST_MATH = YES;
				SDKROOT = iphoneos;
				SWIFT_COMPILATION_MODE = wholemodule;
				SWIFT_OPTIMIZATION_LEVEL = "-O";
				VALIDATE_PRODUCT = YES;
			};
			name = Release;
		};
		946D7C6429F9A31700FA3F5C /* Debug */ = {
			isa = XCBuildConfiguration;
			buildSettings = {
				ASSETCATALOG_COMPILER_APPICON_NAME = AppIcon;
				ASSETCATALOG_COMPILER_GLOBAL_ACCENT_COLOR_NAME = AccentColor;
				CODE_SIGN_STYLE = Automatic;
				CURRENT_PROJECT_VERSION = 1;
				GENERATE_INFOPLIST_FILE = YES;
				INFOPLIST_FILE = TwitterClone/Info.plist;
				INFOPLIST_KEY_UIApplicationSupportsIndirectInputEvents = YES;
				INFOPLIST_KEY_UILaunchStoryboardName = LaunchScreen;
				INFOPLIST_KEY_UISupportedInterfaceOrientations_iPad = "UIInterfaceOrientationPortrait UIInterfaceOrientationPortraitUpsideDown UIInterfaceOrientationLandscapeLeft UIInterfaceOrientationLandscapeRight";
				INFOPLIST_KEY_UISupportedInterfaceOrientations_iPhone = "UIInterfaceOrientationPortrait UIInterfaceOrientationLandscapeLeft UIInterfaceOrientationLandscapeRight";
				LD_RUNPATH_SEARCH_PATHS = (
					"$(inherited)",
					"@executable_path/Frameworks",
				);
				MARKETING_VERSION = 1.0;
				PRODUCT_BUNDLE_IDENTIFIER = com.lucasnewlands.TwitterClone;
				PRODUCT_NAME = "$(TARGET_NAME)";
				SWIFT_EMIT_LOC_STRINGS = YES;
				SWIFT_VERSION = 5.0;
				TARGETED_DEVICE_FAMILY = "1,2";
			};
			name = Debug;
		};
		946D7C6529F9A31700FA3F5C /* Release */ = {
			isa = XCBuildConfiguration;
			buildSettings = {
				ASSETCATALOG_COMPILER_APPICON_NAME = AppIcon;
				ASSETCATALOG_COMPILER_GLOBAL_ACCENT_COLOR_NAME = AccentColor;
				CODE_SIGN_STYLE = Automatic;
				CURRENT_PROJECT_VERSION = 1;
				GENERATE_INFOPLIST_FILE = YES;
				INFOPLIST_FILE = TwitterClone/Info.plist;
				INFOPLIST_KEY_UIApplicationSupportsIndirectInputEvents = YES;
				INFOPLIST_KEY_UILaunchStoryboardName = LaunchScreen;
				INFOPLIST_KEY_UISupportedInterfaceOrientations_iPad = "UIInterfaceOrientationPortrait UIInterfaceOrientationPortraitUpsideDown UIInterfaceOrientationLandscapeLeft UIInterfaceOrientationLandscapeRight";
				INFOPLIST_KEY_UISupportedInterfaceOrientations_iPhone = "UIInterfaceOrientationPortrait UIInterfaceOrientationLandscapeLeft UIInterfaceOrientationLandscapeRight";
				LD_RUNPATH_SEARCH_PATHS = (
					"$(inherited)",
					"@executable_path/Frameworks",
				);
				MARKETING_VERSION = 1.0;
				PRODUCT_BUNDLE_IDENTIFIER = com.lucasnewlands.TwitterClone;
				PRODUCT_NAME = "$(TARGET_NAME)";
				SWIFT_EMIT_LOC_STRINGS = YES;
				SWIFT_VERSION = 5.0;
				TARGETED_DEVICE_FAMILY = "1,2";
			};
			name = Release;
		};
/* End XCBuildConfiguration section */

/* Begin XCConfigurationList section */
		946D7C4A29F9A31500FA3F5C /* Build configuration list for PBXProject "TwitterClone" */ = {
			isa = XCConfigurationList;
			buildConfigurations = (
				946D7C6129F9A31700FA3F5C /* Debug */,
				946D7C6229F9A31700FA3F5C /* Release */,
			);
			defaultConfigurationIsVisible = 0;
			defaultConfigurationName = Release;
		};
		946D7C6329F9A31700FA3F5C /* Build configuration list for PBXNativeTarget "TwitterClone" */ = {
			isa = XCConfigurationList;
			buildConfigurations = (
				946D7C6429F9A31700FA3F5C /* Debug */,
				946D7C6529F9A31700FA3F5C /* Release */,
			);
			defaultConfigurationIsVisible = 0;
			defaultConfigurationName = Release;
		};
/* End XCConfigurationList section */

/* Begin XCRemoteSwiftPackageReference section */
		940AB3F82A01AEEC0018FE7B /* XCRemoteSwiftPackageReference "firebase-ios-sdk" */ = {
			isa = XCRemoteSwiftPackageReference;
			repositoryURL = "https://github.com/firebase/firebase-ios-sdk";
			requirement = {
				kind = upToNextMinorVersion;
				minimumVersion = 9.6.0;
			};
		};
/* End XCRemoteSwiftPackageReference section */

/* Begin XCSwiftPackageProductDependency section */
		940AB3F92A01AEEC0018FE7B /* FirebaseAuth */ = {
			isa = XCSwiftPackageProductDependency;
			package = 940AB3F82A01AEEC0018FE7B /* XCRemoteSwiftPackageReference "firebase-ios-sdk" */;
			productName = FirebaseAuth;
		};
		940AB3FB2A01AEEC0018FE7B /* FirebaseAuthCombine-Community */ = {
			isa = XCSwiftPackageProductDependency;
			package = 940AB3F82A01AEEC0018FE7B /* XCRemoteSwiftPackageReference "firebase-ios-sdk" */;
			productName = "FirebaseAuthCombine-Community";
		};
		940AB3FD2A01AEEC0018FE7B /* FirebaseDatabase */ = {
			isa = XCSwiftPackageProductDependency;
			package = 940AB3F82A01AEEC0018FE7B /* XCRemoteSwiftPackageReference "firebase-ios-sdk" */;
			productName = FirebaseDatabase;
		};
		940AB3FF2A01AEEC0018FE7B /* FirebaseDatabaseSwift */ = {
			isa = XCSwiftPackageProductDependency;
			package = 940AB3F82A01AEEC0018FE7B /* XCRemoteSwiftPackageReference "firebase-ios-sdk" */;
			productName = FirebaseDatabaseSwift;
		};
		940AB4012A01AEEC0018FE7B /* FirebaseFirestore */ = {
			isa = XCSwiftPackageProductDependency;
			package = 940AB3F82A01AEEC0018FE7B /* XCRemoteSwiftPackageReference "firebase-ios-sdk" */;
			productName = FirebaseFirestore;
		};
		940AB4032A01AEEC0018FE7B /* FirebaseFirestoreCombine-Community */ = {
			isa = XCSwiftPackageProductDependency;
			package = 940AB3F82A01AEEC0018FE7B /* XCRemoteSwiftPackageReference "firebase-ios-sdk" */;
			productName = "FirebaseFirestoreCombine-Community";
		};
		940AB4052A01AEEC0018FE7B /* FirebaseFirestoreSwift */ = {
			isa = XCSwiftPackageProductDependency;
			package = 940AB3F82A01AEEC0018FE7B /* XCRemoteSwiftPackageReference "firebase-ios-sdk" */;
			productName = FirebaseFirestoreSwift;
		};
		940AB4072A01AEEC0018FE7B /* FirebaseStorage */ = {
			isa = XCSwiftPackageProductDependency;
			package = 940AB3F82A01AEEC0018FE7B /* XCRemoteSwiftPackageReference "firebase-ios-sdk" */;
			productName = FirebaseStorage;
		};
		940AB4092A01AEEC0018FE7B /* FirebaseStorageCombine-Community */ = {
			isa = XCSwiftPackageProductDependency;
			package = 940AB3F82A01AEEC0018FE7B /* XCRemoteSwiftPackageReference "firebase-ios-sdk" */;
			productName = "FirebaseStorageCombine-Community";
		};
/* End XCSwiftPackageProductDependency section */
	};
	rootObject = 946D7C4729F9A31500FA3F5C /* Project object */;
}
